// !$*UTF8*$!
{
	archiveVersion = 1;
	classes = {
	};
	objectVersion = 77;
	objects = {

/* Begin PBXContainerItemProxy section */
		6034C3512DE35E85002EE37A /* PBXContainerItemProxy */ = {
			isa = PBXContainerItemProxy;
			containerPortal = 6034C32F2DE35E83002EE37A /* Project object */;
			proxyType = 1;
			remoteGlobalIDString = 6034C3362DE35E83002EE37A;
			remoteInfo = CareerLog;
		};
		6034C35B2DE35E85002EE37A /* PBXContainerItemProxy */ = {
			isa = PBXContainerItemProxy;
			containerPortal = 6034C32F2DE35E83002EE37A /* Project object */;
			proxyType = 1;
			remoteGlobalIDString = 6034C3362DE35E83002EE37A;
			remoteInfo = CareerLog;
		};
/* End PBXContainerItemProxy section */

/* Begin PBXFileReference section */
		6034C3372DE35E83002EE37A /* CareerLog.app */ = {isa = PBXFileReference; explicitFileType = wrapper.application; includeInIndex = 0; path = CareerLog.app; sourceTree = BUILT_PRODUCTS_DIR; };
		6034C3502DE35E85002EE37A /* CareerLogTests.xctest */ = {isa = PBXFileReference; explicitFileType = wrapper.cfbundle; includeInIndex = 0; path = CareerLogTests.xctest; sourceTree = BUILT_PRODUCTS_DIR; };
		6034C35A2DE35E85002EE37A /* CareerLogUITests.xctest */ = {isa = PBXFileReference; explicitFileType = wrapper.cfbundle; includeInIndex = 0; path = CareerLogUITests.xctest; sourceTree = BUILT_PRODUCTS_DIR; };
/* End PBXFileReference section */

/* Begin PBXFileSystemSynchronizedBuildFileExceptionSet section */
		6034C3622DE35E85002EE37A /* Exceptions for "CareerLog" folder in "CareerLog" target */ = {
			isa = PBXFileSystemSynchronizedBuildFileExceptionSet;
			membershipExceptions = (
				Info.plist,
			);
			target = 6034C3362DE35E83002EE37A /* CareerLog */;
		};
/* End PBXFileSystemSynchronizedBuildFileExceptionSet section */

/* Begin PBXFileSystemSynchronizedRootGroup section */
		6034C3392DE35E83002EE37A /* CareerLog */ = {
			isa = PBXFileSystemSynchronizedRootGroup;
			exceptions = (
				6034C3622DE35E85002EE37A /* Exceptions for "CareerLog" folder in "CareerLog" target */,
			);
			path = CareerLog;
			sourceTree = "<group>";
		};
		6034C3532DE35E85002EE37A /* CareerLogTests */ = {
			isa = PBXFileSystemSynchronizedRootGroup;
			path = CareerLogTests;
			sourceTree = "<group>";
		};
		6034C35D2DE35E85002EE37A /* CareerLogUITests */ = {
			isa = PBXFileSystemSynchronizedRootGroup;
			path = CareerLogUITests;
			sourceTree = "<group>";
		};
/* End PBXFileSystemSynchronizedRootGroup section */

/* Begin PBXFrameworksBuildPhase section */
		6034C3342DE35E83002EE37A /* Frameworks */ = {
			isa = PBXFrameworksBuildPhase;
			buildActionMask = 2147483647;
			files = (
			);
			runOnlyForDeploymentPostprocessing = 0;
		};
		6034C34D2DE35E85002EE37A /* Frameworks */ = {
			isa = PBXFrameworksBuildPhase;
			buildActionMask = 2147483647;
			files = (
			);
			runOnlyForDeploymentPostprocessing = 0;
		};
		6034C3572DE35E85002EE37A /* Frameworks */ = {
			isa = PBXFrameworksBuildPhase;
			buildActionMask = 2147483647;
			files = (
			);
			runOnlyForDeploymentPostprocessing = 0;
		};
/* End PBXFrameworksBuildPhase section */

/* Begin PBXGroup section */
		6034C32E2DE35E83002EE37A = {
			isa = PBXGroup;
			children = (
				6034C3392DE35E83002EE37A /* CareerLog */,
				6034C3532DE35E85002EE37A /* CareerLogTests */,
				6034C35D2DE35E85002EE37A /* CareerLogUITests */,
				6034C3382DE35E83002EE37A /* Products */,
			);
			sourceTree = "<group>";
		};
		6034C3382DE35E83002EE37A /* Products */ = {
			isa = PBXGroup;
			children = (
				6034C3372DE35E83002EE37A /* CareerLog.app */,
				6034C3502DE35E85002EE37A /* CareerLogTests.xctest */,
				6034C35A2DE35E85002EE37A /* CareerLogUITests.xctest */,
			);
			name = Products;
			sourceTree = "<group>";
		};
/* End PBXGroup section */

/* Begin PBXNativeTarget section */
		6034C3362DE35E83002EE37A /* CareerLog */ = {
			isa = PBXNativeTarget;
			buildConfigurationList = 6034C3632DE35E85002EE37A /* Build configuration list for PBXNativeTarget "CareerLog" */;
			buildPhases = (
				6034C3332DE35E83002EE37A /* Sources */,
				6034C3342DE35E83002EE37A /* Frameworks */,
				6034C3352DE35E83002EE37A /* Resources */,
			);
			buildRules = (
			);
			dependencies = (
			);
			fileSystemSynchronizedGroups = (
				6034C3392DE35E83002EE37A /* CareerLog */,
			);
			name = CareerLog;
			packageProductDependencies = (
			);
			productName = CareerLog;
			productReference = 6034C3372DE35E83002EE37A /* CareerLog.app */;
			productType = "com.apple.product-type.application";
		};
		6034C34F2DE35E85002EE37A /* CareerLogTests */ = {
			isa = PBXNativeTarget;
			buildConfigurationList = 6034C3682DE35E85002EE37A /* Build configuration list for PBXNativeTarget "CareerLogTests" */;
			buildPhases = (
				6034C34C2DE35E85002EE37A /* Sources */,
				6034C34D2DE35E85002EE37A /* Frameworks */,
				6034C34E2DE35E85002EE37A /* Resources */,
			);
			buildRules = (
			);
			dependencies = (
				6034C3522DE35E85002EE37A /* PBXTargetDependency */,
			);
			fileSystemSynchronizedGroups = (
				6034C3532DE35E85002EE37A /* CareerLogTests */,
			);
			name = CareerLogTests;
			packageProductDependencies = (
			);
			productName = CareerLogTests;
			productReference = 6034C3502DE35E85002EE37A /* CareerLogTests.xctest */;
			productType = "com.apple.product-type.bundle.unit-test";
		};
		6034C3592DE35E85002EE37A /* CareerLogUITests */ = {
			isa = PBXNativeTarget;
			buildConfigurationList = 6034C36B2DE35E85002EE37A /* Build configuration list for PBXNativeTarget "CareerLogUITests" */;
			buildPhases = (
				6034C3562DE35E85002EE37A /* Sources */,
				6034C3572DE35E85002EE37A /* Frameworks */,
				6034C3582DE35E85002EE37A /* Resources */,
			);
			buildRules = (
			);
			dependencies = (
				6034C35C2DE35E85002EE37A /* PBXTargetDependency */,
			);
			fileSystemSynchronizedGroups = (
				6034C35D2DE35E85002EE37A /* CareerLogUITests */,
			);
			name = CareerLogUITests;
			packageProductDependencies = (
			);
			productName = CareerLogUITests;
			productReference = 6034C35A2DE35E85002EE37A /* CareerLogUITests.xctest */;
			productType = "com.apple.product-type.bundle.ui-testing";
		};
/* End PBXNativeTarget section */

/* Begin PBXProject section */
		6034C32F2DE35E83002EE37A /* Project object */ = {
			isa = PBXProject;
			attributes = {
				BuildIndependentTargetsInParallel = 1;
				LastSwiftUpdateCheck = 1620;
				LastUpgradeCheck = 1620;
				TargetAttributes = {
					6034C3362DE35E83002EE37A = {
						CreatedOnToolsVersion = 16.2;
					};
					6034C34F2DE35E85002EE37A = {
						CreatedOnToolsVersion = 16.2;
						TestTargetID = 6034C3362DE35E83002EE37A;
					};
					6034C3592DE35E85002EE37A = {
						CreatedOnToolsVersion = 16.2;
						TestTargetID = 6034C3362DE35E83002EE37A;
					};
				};
			};
			buildConfigurationList = 6034C3322DE35E83002EE37A /* Build configuration list for PBXProject "CareerLog" */;
			developmentRegion = en;
			hasScannedForEncodings = 0;
			knownRegions = (
				en,
				Base,
			);
			mainGroup = 6034C32E2DE35E83002EE37A;
			minimizedProjectReferenceProxies = 1;
			preferredProjectObjectVersion = 77;
			productRefGroup = 6034C3382DE35E83002EE37A /* Products */;
			projectDirPath = "";
			projectRoot = "";
			targets = (
				6034C3362DE35E83002EE37A /* CareerLog */,
				6034C34F2DE35E85002EE37A /* CareerLogTests */,
				6034C3592DE35E85002EE37A /* CareerLogUITests */,
			);
		};
/* End PBXProject section */

/* Begin PBXResourcesBuildPhase section */
		6034C3352DE35E83002EE37A /* Resources */ = {
			isa = PBXResourcesBuildPhase;
			buildActionMask = 2147483647;
			files = (
			);
			runOnlyForDeploymentPostprocessing = 0;
		};
		6034C34E2DE35E85002EE37A /* Resources */ = {
			isa = PBXResourcesBuildPhase;
			buildActionMask = 2147483647;
			files = (
			);
			runOnlyForDeploymentPostprocessing = 0;
		};
		6034C3582DE35E85002EE37A /* Resources */ = {
			isa = PBXResourcesBuildPhase;
			buildActionMask = 2147483647;
			files = (
			);
			runOnlyForDeploymentPostprocessing = 0;
		};
/* End PBXResourcesBuildPhase section */

/* Begin PBXSourcesBuildPhase section */
		6034C3332DE35E83002EE37A /* Sources */ = {
			isa = PBXSourcesBuildPhase;
			buildActionMask = 2147483647;
			files = (
			);
			runOnlyForDeploymentPostprocessing = 0;
		};
		6034C34C2DE35E85002EE37A /* Sources */ = {
			isa = PBXSourcesBuildPhase;
			buildActionMask = 2147483647;
			files = (
			);
			runOnlyForDeploymentPostprocessing = 0;
		};
		6034C3562DE35E85002EE37A /* Sources */ = {
			isa = PBXSourcesBuildPhase;
			buildActionMask = 2147483647;
			files = (
			);
			runOnlyForDeploymentPostprocessing = 0;
		};
/* End PBXSourcesBuildPhase section */

/* Begin PBXTargetDependency section */
		6034C3522DE35E85002EE37A /* PBXTargetDependency */ = {
			isa = PBXTargetDependency;
			target = 6034C3362DE35E83002EE37A /* CareerLog */;
			targetProxy = 6034C3512DE35E85002EE37A /* PBXContainerItemProxy */;
		};
		6034C35C2DE35E85002EE37A /* PBXTargetDependency */ = {
			isa = PBXTargetDependency;
			target = 6034C3362DE35E83002EE37A /* CareerLog */;
			targetProxy = 6034C35B2DE35E85002EE37A /* PBXContainerItemProxy */;
		};
/* End PBXTargetDependency section */

/* Begin XCBuildConfiguration section */
		6034C3642DE35E85002EE37A /* Debug */ = {
			isa = XCBuildConfiguration;
			buildSettings = {
				ASSETCATALOG_COMPILER_APPICON_NAME = AppIcon;
				ASSETCATALOG_COMPILER_GLOBAL_ACCENT_COLOR_NAME = AccentColor;
				CODE_SIGN_STYLE = Automatic;
				CURRENT_PROJECT_VERSION = 1;
				DEVELOPMENT_TEAM = VJUK3HBJ2M;
				GENERATE_INFOPLIST_FILE = YES;
				INFOPLIST_FILE = CareerLog/Info.plist;
				INFOPLIST_KEY_UIApplicationSupportsIndirectInputEvents = YES;
				INFOPLIST_KEY_UILaunchStoryboardName = LaunchScreen;
				INFOPLIST_KEY_UIMainStoryboardFile = Main;
				INFOPLIST_KEY_UISupportedInterfaceOrientations_iPad = "UIInterfaceOrientationPortrait UIInterfaceOrientationPortraitUpsideDown UIInterfaceOrientationLandscapeLeft UIInterfaceOrientationLandscapeRight";
				INFOPLIST_KEY_UISupportedInterfaceOrientations_iPhone = "UIInterfaceOrientationPortrait UIInterfaceOrientationLandscapeLeft UIInterfaceOrientationLandscapeRight";
				LD_RUNPATH_SEARCH_PATHS = (
					"$(inherited)",
					"@executable_path/Frameworks",
				);
				MARKETING_VERSION = 1.0;
				PRODUCT_BUNDLE_IDENTIFIER = leejinhee.CareerLog;
				PRODUCT_NAME = "$(TARGET_NAME)";
				SWIFT_EMIT_LOC_STRINGS = YES;
				SWIFT_VERSION = 5.0;
				TARGETED_DEVICE_FAMILY = "1,2";
			};
			name = Debug;
		};
		6034C3652DE35E85002EE37A /* Release */ = {
			isa = XCBuildConfiguration;
			buildSettings = {
				ASSETCATALOG_COMPILER_APPICON_NAME = AppIcon;
				ASSETCATALOG_COMPILER_GLOBAL_ACCENT_COLOR_NAME = AccentColor;
				CODE_SIGN_STYLE = Automatic;
				CURRENT_PROJECT_VERSION = 1;
				DEVELOPMENT_TEAM = VJUK3HBJ2M;
				GENERATE_INFOPLIST_FILE = YES;
				INFOPLIST_FILE = CareerLog/Info.plist;
				INFOPLIST_KEY_UIApplicationSupportsIndirectInputEvents = YES;
				INFOPLIST_KEY_UILaunchStoryboardName = LaunchScreen;
				INFOPLIST_KEY_UIMainStoryboardFile = Main;
				INFOPLIST_KEY_UISupportedInterfaceOrientations_iPad = "UIInterfaceOrientationPortrait UIInterfaceOrientationPortraitUpsideDown UIInterfaceOrientationLandscapeLeft UIInterfaceOrientationLandscapeRight";
				INFOPLIST_KEY_UISupportedInterfaceOrientations_iPhone = "UIInterfaceOrientationPortrait UIInterfaceOrientationLandscapeLeft UIInterfaceOrientationLandscapeRight";
				LD_RUNPATH_SEARCH_PATHS = (
					"$(inherited)",
					"@executable_path/Frameworks",
				);
				MARKETING_VERSION = 1.0;
				PRODUCT_BUNDLE_IDENTIFIER = leejinhee.CareerLog;
				PRODUCT_NAME = "$(TARGET_NAME)";
				SWIFT_EMIT_LOC_STRINGS = YES;
				SWIFT_VERSION = 5.0;
				TARGETED_DEVICE_FAMILY = "1,2";
			};
			name = Release;
		};
		6034C3662DE35E85002EE37A /* Debug */ = {
			isa = XCBuildConfiguration;
			buildSettings = {
				ALWAYS_SEARCH_USER_PATHS = NO;
				ASSETCATALOG_COMPILER_GENERATE_SWIFT_ASSET_SYMBOL_EXTENSIONS = YES;
				CLANG_ANALYZER_NONNULL = YES;
				CLANG_ANALYZER_NUMBER_OBJECT_CONVERSION = YES_AGGRESSIVE;
				CLANG_CXX_LANGUAGE_STANDARD = "gnu++20";
				CLANG_ENABLE_MODULES = YES;
				CLANG_ENABLE_OBJC_ARC = YES;
				CLANG_ENABLE_OBJC_WEAK = YES;
				CLANG_WARN_BLOCK_CAPTURE_AUTORELEASING = YES;
				CLANG_WARN_BOOL_CONVERSION = YES;
				CLANG_WARN_COMMA = YES;
				CLANG_WARN_CONSTANT_CONVERSION = YES;
				CLANG_WARN_DEPRECATED_OBJC_IMPLEMENTATIONS = YES;
				CLANG_WARN_DIRECT_OBJC_ISA_USAGE = YES_ERROR;
				CLANG_WARN_DOCUMENTATION_COMMENTS = YES;
				CLANG_WARN_EMPTY_BODY = YES;
				CLANG_WARN_ENUM_CONVERSION = YES;
				CLANG_WARN_INFINITE_RECURSION = YES;
				CLANG_WARN_INT_CONVERSION = YES;
				CLANG_WARN_NON_LITERAL_NULL_CONVERSION = YES;
				CLANG_WARN_OBJC_IMPLICIT_RETAIN_SELF = YES;
				CLANG_WARN_OBJC_LITERAL_CONVERSION = YES;
				CLANG_WARN_OBJC_ROOT_CLASS = YES_ERROR;
				CLANG_WARN_QUOTED_INCLUDE_IN_FRAMEWORK_HEADER = YES;
				CLANG_WARN_RANGE_LOOP_ANALYSIS = YES;
				CLANG_WARN_STRICT_PROTOTYPES = YES;
				CLANG_WARN_SUSPICIOUS_MOVE = YES;
				CLANG_WARN_UNGUARDED_AVAILABILITY = YES_AGGRESSIVE;
				CLANG_WARN_UNREACHABLE_CODE = YES;
				CLANG_WARN__DUPLICATE_METHOD_MATCH = YES;
				COPY_PHASE_STRIP = NO;
				DEBUG_INFORMATION_FORMAT = dwarf;
				ENABLE_STRICT_OBJC_MSGSEND = YES;
				ENABLE_TESTABILITY = YES;
				ENABLE_USER_SCRIPT_SANDBOXING = YES;
				GCC_C_LANGUAGE_STANDARD = gnu17;
				GCC_DYNAMIC_NO_PIC = NO;
				GCC_NO_COMMON_BLOCKS = YES;
				GCC_OPTIMIZATION_LEVEL = 0;
				GCC_PREPROCESSOR_DEFINITIONS = (
					"DEBUG=1",
					"$(inherited)",
				);
				GCC_WARN_64_TO_32_BIT_CONVERSION = YES;
				GCC_WARN_ABOUT_RETURN_TYPE = YES_ERROR;
				GCC_WARN_UNDECLARED_SELECTOR = YES;
				GCC_WARN_UNINITIALIZED_AUTOS = YES_AGGRESSIVE;
				GCC_WARN_UNUSED_FUNCTION = YES;
				GCC_WARN_UNUSED_VARIABLE = YES;
				IPHONEOS_DEPLOYMENT_TARGET = 18.2;
				LOCALIZATION_PREFERS_STRING_CATALOGS = YES;
				MTL_ENABLE_DEBUG_INFO = INCLUDE_SOURCE;
				MTL_FAST_MATH = YES;
				ONLY_ACTIVE_ARCH = YES;
				SDKROOT = iphoneos;
				SWIFT_ACTIVE_COMPILATION_CONDITIONS = "DEBUG $(inherited)";
				SWIFT_OPTIMIZATION_LEVEL = "-Onone";
			};
			name = Debug;
		};
		6034C3672DE35E85002EE37A /* Release */ = {
			isa = XCBuildConfiguration;
			buildSettings = {
				ALWAYS_SEARCH_USER_PATHS = NO;
				ASSETCATALOG_COMPILER_GENERATE_SWIFT_ASSET_SYMBOL_EXTENSIONS = YES;
				CLANG_ANALYZER_NONNULL = YES;
				CLANG_ANALYZER_NUMBER_OBJECT_CONVERSION = YES_AGGRESSIVE;
				CLANG_CXX_LANGUAGE_STANDARD = "gnu++20";
				CLANG_ENABLE_MODULES = YES;
				CLANG_ENABLE_OBJC_ARC = YES;
				CLANG_ENABLE_OBJC_WEAK = YES;
				CLANG_WARN_BLOCK_CAPTURE_AUTORELEASING = YES;
				CLANG_WARN_BOOL_CONVERSION = YES;
				CLANG_WARN_COMMA = YES;
				CLANG_WARN_CONSTANT_CONVERSION = YES;
				CLANG_WARN_DEPRECATED_OBJC_IMPLEMENTATIONS = YES;
				CLANG_WARN_DIRECT_OBJC_ISA_USAGE = YES_ERROR;
				CLANG_WARN_DOCUMENTATION_COMMENTS = YES;
				CLANG_WARN_EMPTY_BODY = YES;
				CLANG_WARN_ENUM_CONVERSION = YES;
				CLANG_WARN_INFINITE_RECURSION = YES;
				CLANG_WARN_INT_CONVERSION = YES;
				CLANG_WARN_NON_LITERAL_NULL_CONVERSION = YES;
				CLANG_WARN_OBJC_IMPLICIT_RETAIN_SELF = YES;
				CLANG_WARN_OBJC_LITERAL_CONVERSION = YES;
				CLANG_WARN_OBJC_ROOT_CLASS = YES_ERROR;
				CLANG_WARN_QUOTED_INCLUDE_IN_FRAMEWORK_HEADER = YES;
				CLANG_WARN_RANGE_LOOP_ANALYSIS = YES;
				CLANG_WARN_STRICT_PROTOTYPES = YES;
				CLANG_WARN_SUSPICIOUS_MOVE = YES;
				CLANG_WARN_UNGUARDED_AVAILABILITY = YES_AGGRESSIVE;
				CLANG_WARN_UNREACHABLE_CODE = YES;
				CLANG_WARN__DUPLICATE_METHOD_MATCH = YES;
				COPY_PHASE_STRIP = NO;
				DEBUG_INFORMATION_FORMAT = "dwarf-with-dsym";
				ENABLE_NS_ASSERTIONS = NO;
				ENABLE_STRICT_OBJC_MSGSEND = YES;
				ENABLE_USER_SCRIPT_SANDBOXING = YES;
				GCC_C_LANGUAGE_STANDARD = gnu17;
				GCC_NO_COMMON_BLOCKS = YES;
				GCC_WARN_64_TO_32_BIT_CONVERSION = YES;
				GCC_WARN_ABOUT_RETURN_TYPE = YES_ERROR;
				GCC_WARN_UNDECLARED_SELECTOR = YES;
				GCC_WARN_UNINITIALIZED_AUTOS = YES_AGGRESSIVE;
				GCC_WARN_UNUSED_FUNCTION = YES;
				GCC_WARN_UNUSED_VARIABLE = YES;
				IPHONEOS_DEPLOYMENT_TARGET = 18.2;
				LOCALIZATION_PREFERS_STRING_CATALOGS = YES;
				MTL_ENABLE_DEBUG_INFO = NO;
				MTL_FAST_MATH = YES;
				SDKROOT = iphoneos;
				SWIFT_COMPILATION_MODE = wholemodule;
				VALIDATE_PRODUCT = YES;
			};
			name = Release;
		};
		6034C3692DE35E85002EE37A /* Debug */ = {
			isa = XCBuildConfiguration;
			buildSettings = {
				BUNDLE_LOADER = "$(TEST_HOST)";
				CODE_SIGN_STYLE = Automatic;
				CURRENT_PROJECT_VERSION = 1;
				DEVELOPMENT_TEAM = VJUK3HBJ2M;
				GENERATE_INFOPLIST_FILE = YES;
				IPHONEOS_DEPLOYMENT_TARGET = 18.2;
				MARKETING_VERSION = 1.0;
				PRODUCT_BUNDLE_IDENTIFIER = leejinhee.CareerLogTests;
				PRODUCT_NAME = "$(TARGET_NAME)";
				SWIFT_EMIT_LOC_STRINGS = NO;
				SWIFT_VERSION = 5.0;
				TARGETED_DEVICE_FAMILY = "1,2";
				TEST_HOST = "$(BUILT_PRODUCTS_DIR)/CareerLog.app/$(BUNDLE_EXECUTABLE_FOLDER_PATH)/CareerLog";
			};
			name = Debug;
		};
		6034C36A2DE35E85002EE37A /* Release */ = {
			isa = XCBuildConfiguration;
			buildSettings = {
				BUNDLE_LOADER = "$(TEST_HOST)";
				CODE_SIGN_STYLE = Automatic;
				CURRENT_PROJECT_VERSION = 1;
				DEVELOPMENT_TEAM = VJUK3HBJ2M;
				GENERATE_INFOPLIST_FILE = YES;
				IPHONEOS_DEPLOYMENT_TARGET = 18.2;
				MARKETING_VERSION = 1.0;
				PRODUCT_BUNDLE_IDENTIFIER = leejinhee.CareerLogTests;
				PRODUCT_NAME = "$(TARGET_NAME)";
				SWIFT_EMIT_LOC_STRINGS = NO;
				SWIFT_VERSION = 5.0;
				TARGETED_DEVICE_FAMILY = "1,2";
				TEST_HOST = "$(BUILT_PRODUCTS_DIR)/CareerLog.app/$(BUNDLE_EXECUTABLE_FOLDER_PATH)/CareerLog";
			};
			name = Release;
		};
		6034C36C2DE35E85002EE37A /* Debug */ = {
			isa = XCBuildConfiguration;
			buildSettings = {
				CODE_SIGN_STYLE = Automatic;
				CURRENT_PROJECT_VERSION = 1;
				DEVELOPMENT_TEAM = VJUK3HBJ2M;
				GENERATE_INFOPLIST_FILE = YES;
				MARKETING_VERSION = 1.0;
				PRODUCT_BUNDLE_IDENTIFIER = leejinhee.CareerLogUITests;
				PRODUCT_NAME = "$(TARGET_NAME)";
				SWIFT_EMIT_LOC_STRINGS = NO;
				SWIFT_VERSION = 5.0;
				TARGETED_DEVICE_FAMILY = "1,2";
				TEST_TARGET_NAME = CareerLog;
			};
			name = Debug;
		};
		6034C36D2DE35E85002EE37A /* Release */ = {
			isa = XCBuildConfiguration;
			buildSettings = {
				CODE_SIGN_STYLE = Automatic;
				CURRENT_PROJECT_VERSION = 1;
				DEVELOPMENT_TEAM = VJUK3HBJ2M;
				GENERATE_INFOPLIST_FILE = YES;
				MARKETING_VERSION = 1.0;
				PRODUCT_BUNDLE_IDENTIFIER = leejinhee.CareerLogUITests;
				PRODUCT_NAME = "$(TARGET_NAME)";
				SWIFT_EMIT_LOC_STRINGS = NO;
				SWIFT_VERSION = 5.0;
				TARGETED_DEVICE_FAMILY = "1,2";
				TEST_TARGET_NAME = CareerLog;
			};
			name = Release;
		};
/* End XCBuildConfiguration section */

/* Begin XCConfigurationList section */
		6034C3322DE35E83002EE37A /* Build configuration list for PBXProject "CareerLog" */ = {
			isa = XCConfigurationList;
			buildConfigurations = (
				6034C3662DE35E85002EE37A /* Debug */,
				6034C3672DE35E85002EE37A /* Release */,
			);
			defaultConfigurationIsVisible = 0;
			defaultConfigurationName = Release;
		};
		6034C3632DE35E85002EE37A /* Build configuration list for PBXNativeTarget "CareerLog" */ = {
			isa = XCConfigurationList;
			buildConfigurations = (
				6034C3642DE35E85002EE37A /* Debug */,
				6034C3652DE35E85002EE37A /* Release */,
			);
			defaultConfigurationIsVisible = 0;
			defaultConfigurationName = Release;
		};
		6034C3682DE35E85002EE37A /* Build configuration list for PBXNativeTarget "CareerLogTests" */ = {
			isa = XCConfigurationList;
			buildConfigurations = (
				6034C3692DE35E85002EE37A /* Debug */,
				6034C36A2DE35E85002EE37A /* Release */,
			);
			defaultConfigurationIsVisible = 0;
			defaultConfigurationName = Release;
		};
		6034C36B2DE35E85002EE37A /* Build configuration list for PBXNativeTarget "CareerLogUITests" */ = {
			isa = XCConfigurationList;
			buildConfigurations = (
				6034C36C2DE35E85002EE37A /* Debug */,
				6034C36D2DE35E85002EE37A /* Release */,
			);
			defaultConfigurationIsVisible = 0;
			defaultConfigurationName = Release;
		};
/* End XCConfigurationList section */
	};
	rootObject = 6034C32F2DE35E83002EE37A /* Project object */;
}
